// !$*UTF8*$!
{
	archiveVersion = 1;
	classes = {
	};
	objectVersion = 50;
	objects = {

/* Begin PBXBuildFile section */
		D17ADCC62597C6AB00D93C68 /* EventListViewModel.swift in Sources */ = {isa = PBXBuildFile; fileRef = D17ADCC52597C6AB00D93C68 /* EventListViewModel.swift */; };
		D17ADCCB2597C90F00D93C68 /* AddEventCoordinator.swift in Sources */ = {isa = PBXBuildFile; fileRef = D17ADCCA2597C90F00D93C68 /* AddEventCoordinator.swift */; };
		D17ADCD02597D1B000D93C68 /* AddEventViewController.swift in Sources */ = {isa = PBXBuildFile; fileRef = D17ADCCF2597D1B000D93C68 /* AddEventViewController.swift */; };
		D17ADCDC2597E72C00D93C68 /* AddEventViewModel.swift in Sources */ = {isa = PBXBuildFile; fileRef = D17ADCDB2597E72C00D93C68 /* AddEventViewModel.swift */; };
		D17ADCE5259929F800D93C68 /* TitleSubtitleCell.swift in Sources */ = {isa = PBXBuildFile; fileRef = D17ADCE4259929F800D93C68 /* TitleSubtitleCell.swift */; };
		D17ADCEA25992A1000D93C68 /* TitleSubtitleCellViewModel.swift in Sources */ = {isa = PBXBuildFile; fileRef = D17ADCE925992A1000D93C68 /* TitleSubtitleCellViewModel.swift */; };
		D17ADCF0259A600900D93C68 /* ImagePickerCoordinator.swift in Sources */ = {isa = PBXBuildFile; fileRef = D17ADCEF259A600900D93C68 /* ImagePickerCoordinator.swift */; };
		D17ADCF8259A7E5000D93C68 /* EventsCellBuilder.swift in Sources */ = {isa = PBXBuildFile; fileRef = D17ADCF7259A7E5000D93C68 /* EventsCellBuilder.swift */; };
		D18172E225953FD800641B22 /* CoreDataManager.swift in Sources */ = {isa = PBXBuildFile; fileRef = D18172E125953FD800641B22 /* CoreDataManager.swift */; };
		D18C1AE0259B60AC00DD97C6 /* EventCellViewModel.swift in Sources */ = {isa = PBXBuildFile; fileRef = D18C1ADF259B60AC00DD97C6 /* EventCellViewModel.swift */; };
		D18C1AE5259B632600DD97C6 /* EventCell.swift in Sources */ = {isa = PBXBuildFile; fileRef = D18C1AE4259B632600DD97C6 /* EventCell.swift */; };
		D18C1AEA25A0CD5700DD97C6 /* EventDetailCoordinator.swift in Sources */ = {isa = PBXBuildFile; fileRef = D18C1AE925A0CD5700DD97C6 /* EventDetailCoordinator.swift */; };
		D18C1AEF25A0CEFE00DD97C6 /* EventDetailViewController.swift in Sources */ = {isa = PBXBuildFile; fileRef = D18C1AEE25A0CEFE00DD97C6 /* EventDetailViewController.swift */; };
		D18C1AF425A0E06400DD97C6 /* EventDetailViewModel.swift in Sources */ = {isa = PBXBuildFile; fileRef = D18C1AF325A0E06400DD97C6 /* EventDetailViewModel.swift */; };
		D18C1AF925A0FCC600DD97C6 /* TimeRemainingStackView.swift in Sources */ = {isa = PBXBuildFile; fileRef = D18C1AF825A0FCC600DD97C6 /* TimeRemainingStackView.swift */; };
		D18C1AFE25A116D000DD97C6 /* TimeRemainingViewModel.swift in Sources */ = {isa = PBXBuildFile; fileRef = D18C1AFD25A116D000DD97C6 /* TimeRemainingViewModel.swift */; };
		D196603E2592AC45007F4C42 /* AppDelegate.swift in Sources */ = {isa = PBXBuildFile; fileRef = D196603D2592AC45007F4C42 /* AppDelegate.swift */; };
		D19660402592AC45007F4C42 /* SceneDelegate.swift in Sources */ = {isa = PBXBuildFile; fileRef = D196603F2592AC45007F4C42 /* SceneDelegate.swift */; };
		D19660452592AC45007F4C42 /* Main.storyboard in Resources */ = {isa = PBXBuildFile; fileRef = D19660432592AC45007F4C42 /* Main.storyboard */; };
		D19660472592AC46007F4C42 /* Assets.xcassets in Resources */ = {isa = PBXBuildFile; fileRef = D19660462592AC46007F4C42 /* Assets.xcassets */; };
		D196604A2592AC46007F4C42 /* LaunchScreen.storyboard in Resources */ = {isa = PBXBuildFile; fileRef = D19660482592AC46007F4C42 /* LaunchScreen.storyboard */; };
		D19660552592AC46007F4C42 /* EventsApp_MVVMTests.swift in Sources */ = {isa = PBXBuildFile; fileRef = D19660542592AC46007F4C42 /* EventsApp_MVVMTests.swift */; };
		D19660602592AC46007F4C42 /* EventsApp_MVVMUITests.swift in Sources */ = {isa = PBXBuildFile; fileRef = D196605F2592AC46007F4C42 /* EventsApp_MVVMUITests.swift */; };
		D19660712592AD3E007F4C42 /* AppCoordinator.swift in Sources */ = {isa = PBXBuildFile; fileRef = D19660702592AD3E007F4C42 /* AppCoordinator.swift */; };
		D196607C2592B04C007F4C42 /* EventListCoordinator.swift in Sources */ = {isa = PBXBuildFile; fileRef = D196607B2592B04C007F4C42 /* EventListCoordinator.swift */; };
		D19660842592B111007F4C42 /* EventListViewController.swift in Sources */ = {isa = PBXBuildFile; fileRef = D19660832592B111007F4C42 /* EventListViewController.swift */; };
		D19660892592B58E007F4C42 /* Extension.swift in Sources */ = {isa = PBXBuildFile; fileRef = D19660882592B58E007F4C42 /* Extension.swift */; };
		D19660A12595351D007F4C42 /* EventsApp.xcdatamodeld in Sources */ = {isa = PBXBuildFile; fileRef = D196609F2595351C007F4C42 /* EventsApp.xcdatamodeld */; };
/* End PBXBuildFile section */

/* Begin PBXContainerItemProxy section */
		D19660512592AC46007F4C42 /* PBXContainerItemProxy */ = {
			isa = PBXContainerItemProxy;
			containerPortal = D19660322592AC45007F4C42 /* Project object */;
			proxyType = 1;
			remoteGlobalIDString = D19660392592AC45007F4C42;
			remoteInfo = "EventsApp-MVVM";
		};
		D196605C2592AC46007F4C42 /* PBXContainerItemProxy */ = {
			isa = PBXContainerItemProxy;
			containerPortal = D19660322592AC45007F4C42 /* Project object */;
			proxyType = 1;
			remoteGlobalIDString = D19660392592AC45007F4C42;
			remoteInfo = "EventsApp-MVVM";
		};
/* End PBXContainerItemProxy section */

/* Begin PBXFileReference section */
		D17ADCC52597C6AB00D93C68 /* EventListViewModel.swift */ = {isa = PBXFileReference; lastKnownFileType = sourcecode.swift; path = EventListViewModel.swift; sourceTree = "<group>"; };
		D17ADCCA2597C90F00D93C68 /* AddEventCoordinator.swift */ = {isa = PBXFileReference; lastKnownFileType = sourcecode.swift; path = AddEventCoordinator.swift; sourceTree = "<group>"; };
		D17ADCCF2597D1B000D93C68 /* AddEventViewController.swift */ = {isa = PBXFileReference; lastKnownFileType = sourcecode.swift; path = AddEventViewController.swift; sourceTree = "<group>"; };
		D17ADCDB2597E72C00D93C68 /* AddEventViewModel.swift */ = {isa = PBXFileReference; lastKnownFileType = sourcecode.swift; path = AddEventViewModel.swift; sourceTree = "<group>"; };
		D17ADCE4259929F800D93C68 /* TitleSubtitleCell.swift */ = {isa = PBXFileReference; lastKnownFileType = sourcecode.swift; path = TitleSubtitleCell.swift; sourceTree = "<group>"; };
		D17ADCE925992A1000D93C68 /* TitleSubtitleCellViewModel.swift */ = {isa = PBXFileReference; lastKnownFileType = sourcecode.swift; path = TitleSubtitleCellViewModel.swift; sourceTree = "<group>"; };
		D17ADCEF259A600900D93C68 /* ImagePickerCoordinator.swift */ = {isa = PBXFileReference; lastKnownFileType = sourcecode.swift; path = ImagePickerCoordinator.swift; sourceTree = "<group>"; };
		D17ADCF7259A7E5000D93C68 /* EventsCellBuilder.swift */ = {isa = PBXFileReference; lastKnownFileType = sourcecode.swift; path = EventsCellBuilder.swift; sourceTree = "<group>"; };
		D18172E125953FD800641B22 /* CoreDataManager.swift */ = {isa = PBXFileReference; lastKnownFileType = sourcecode.swift; path = CoreDataManager.swift; sourceTree = "<group>"; };
		D18C1ADF259B60AC00DD97C6 /* EventCellViewModel.swift */ = {isa = PBXFileReference; lastKnownFileType = sourcecode.swift; path = EventCellViewModel.swift; sourceTree = "<group>"; };
		D18C1AE4259B632600DD97C6 /* EventCell.swift */ = {isa = PBXFileReference; lastKnownFileType = sourcecode.swift; path = EventCell.swift; sourceTree = "<group>"; };
		D18C1AE925A0CD5700DD97C6 /* EventDetailCoordinator.swift */ = {isa = PBXFileReference; lastKnownFileType = sourcecode.swift; path = EventDetailCoordinator.swift; sourceTree = "<group>"; };
		D18C1AEE25A0CEFE00DD97C6 /* EventDetailViewController.swift */ = {isa = PBXFileReference; lastKnownFileType = sourcecode.swift; path = EventDetailViewController.swift; sourceTree = "<group>"; };
		D18C1AF325A0E06400DD97C6 /* EventDetailViewModel.swift */ = {isa = PBXFileReference; lastKnownFileType = sourcecode.swift; path = EventDetailViewModel.swift; sourceTree = "<group>"; };
		D18C1AF825A0FCC600DD97C6 /* TimeRemainingStackView.swift */ = {isa = PBXFileReference; lastKnownFileType = sourcecode.swift; path = TimeRemainingStackView.swift; sourceTree = "<group>"; };
		D18C1AFD25A116D000DD97C6 /* TimeRemainingViewModel.swift */ = {isa = PBXFileReference; lastKnownFileType = sourcecode.swift; path = TimeRemainingViewModel.swift; sourceTree = "<group>"; };
		D196603A2592AC45007F4C42 /* EventsApp-MVVM.app */ = {isa = PBXFileReference; explicitFileType = wrapper.application; includeInIndex = 0; path = "EventsApp-MVVM.app"; sourceTree = BUILT_PRODUCTS_DIR; };
		D196603D2592AC45007F4C42 /* AppDelegate.swift */ = {isa = PBXFileReference; lastKnownFileType = sourcecode.swift; path = AppDelegate.swift; sourceTree = "<group>"; };
		D196603F2592AC45007F4C42 /* SceneDelegate.swift */ = {isa = PBXFileReference; lastKnownFileType = sourcecode.swift; path = SceneDelegate.swift; sourceTree = "<group>"; };
		D19660442592AC45007F4C42 /* Base */ = {isa = PBXFileReference; lastKnownFileType = file.storyboard; name = Base; path = Base.lproj/Main.storyboard; sourceTree = "<group>"; };
		D19660462592AC46007F4C42 /* Assets.xcassets */ = {isa = PBXFileReference; lastKnownFileType = folder.assetcatalog; path = Assets.xcassets; sourceTree = "<group>"; };
		D19660492592AC46007F4C42 /* Base */ = {isa = PBXFileReference; lastKnownFileType = file.storyboard; name = Base; path = Base.lproj/LaunchScreen.storyboard; sourceTree = "<group>"; };
		D196604B2592AC46007F4C42 /* Info.plist */ = {isa = PBXFileReference; lastKnownFileType = text.plist.xml; path = Info.plist; sourceTree = "<group>"; };
		D19660502592AC46007F4C42 /* EventsApp-MVVMTests.xctest */ = {isa = PBXFileReference; explicitFileType = wrapper.cfbundle; includeInIndex = 0; path = "EventsApp-MVVMTests.xctest"; sourceTree = BUILT_PRODUCTS_DIR; };
		D19660542592AC46007F4C42 /* EventsApp_MVVMTests.swift */ = {isa = PBXFileReference; lastKnownFileType = sourcecode.swift; path = EventsApp_MVVMTests.swift; sourceTree = "<group>"; };
		D19660562592AC46007F4C42 /* Info.plist */ = {isa = PBXFileReference; lastKnownFileType = text.plist.xml; path = Info.plist; sourceTree = "<group>"; };
		D196605B2592AC46007F4C42 /* EventsApp-MVVMUITests.xctest */ = {isa = PBXFileReference; explicitFileType = wrapper.cfbundle; includeInIndex = 0; path = "EventsApp-MVVMUITests.xctest"; sourceTree = BUILT_PRODUCTS_DIR; };
		D196605F2592AC46007F4C42 /* EventsApp_MVVMUITests.swift */ = {isa = PBXFileReference; lastKnownFileType = sourcecode.swift; path = EventsApp_MVVMUITests.swift; sourceTree = "<group>"; };
		D19660612592AC46007F4C42 /* Info.plist */ = {isa = PBXFileReference; lastKnownFileType = text.plist.xml; path = Info.plist; sourceTree = "<group>"; };
		D19660702592AD3E007F4C42 /* AppCoordinator.swift */ = {isa = PBXFileReference; lastKnownFileType = sourcecode.swift; path = AppCoordinator.swift; sourceTree = "<group>"; };
		D196607B2592B04C007F4C42 /* EventListCoordinator.swift */ = {isa = PBXFileReference; lastKnownFileType = sourcecode.swift; path = EventListCoordinator.swift; sourceTree = "<group>"; };
		D19660832592B111007F4C42 /* EventListViewController.swift */ = {isa = PBXFileReference; lastKnownFileType = sourcecode.swift; name = EventListViewController.swift; path = ../Coordinators/EventListViewController.swift; sourceTree = "<group>"; };
		D19660882592B58E007F4C42 /* Extension.swift */ = {isa = PBXFileReference; lastKnownFileType = sourcecode.swift; path = Extension.swift; sourceTree = "<group>"; };
		D19660A02595351C007F4C42 /* EventsApp.xcdatamodel */ = {isa = PBXFileReference; lastKnownFileType = wrapper.xcdatamodel; path = EventsApp.xcdatamodel; sourceTree = "<group>"; };
/* End PBXFileReference section */

/* Begin PBXFrameworksBuildPhase section */
		D19660372592AC45007F4C42 /* Frameworks */ = {
			isa = PBXFrameworksBuildPhase;
			buildActionMask = 2147483647;
			files = (
			);
			runOnlyForDeploymentPostprocessing = 0;
		};
		D196604D2592AC46007F4C42 /* Frameworks */ = {
			isa = PBXFrameworksBuildPhase;
			buildActionMask = 2147483647;
			files = (
			);
			runOnlyForDeploymentPostprocessing = 0;
		};
		D19660582592AC46007F4C42 /* Frameworks */ = {
			isa = PBXFrameworksBuildPhase;
			buildActionMask = 2147483647;
			files = (
			);
			runOnlyForDeploymentPostprocessing = 0;
		};
/* End PBXFrameworksBuildPhase section */

/* Begin PBXGroup section */
		D17ADCD42597D1E700D93C68 /* ViewModels */ = {
			isa = PBXGroup;
			children = (
				D17ADCC52597C6AB00D93C68 /* EventListViewModel.swift */,
				D17ADCDB2597E72C00D93C68 /* AddEventViewModel.swift */,
				D17ADCE925992A1000D93C68 /* TitleSubtitleCellViewModel.swift */,
				D18C1ADF259B60AC00DD97C6 /* EventCellViewModel.swift */,
				D18C1AF325A0E06400DD97C6 /* EventDetailViewModel.swift */,
				D18C1AFD25A116D000DD97C6 /* TimeRemainingViewModel.swift */,
			);
			path = ViewModels;
			sourceTree = "<group>";
		};
		D17ADCE3259929C800D93C68 /* Views */ = {
			isa = PBXGroup;
			children = (
				D17ADCE4259929F800D93C68 /* TitleSubtitleCell.swift */,
				D18C1AE4259B632600DD97C6 /* EventCell.swift */,
				D18C1AF825A0FCC600DD97C6 /* TimeRemainingStackView.swift */,
			);
			path = Views;
			sourceTree = "<group>";
		};
		D19660312592AC45007F4C42 = {
			isa = PBXGroup;
			children = (
				D196603C2592AC45007F4C42 /* EventsApp-MVVM */,
				D19660532592AC46007F4C42 /* EventsApp-MVVMTests */,
				D196605E2592AC46007F4C42 /* EventsApp-MVVMUITests */,
				D196603B2592AC45007F4C42 /* Products */,
			);
			sourceTree = "<group>";
		};
		D196603B2592AC45007F4C42 /* Products */ = {
			isa = PBXGroup;
			children = (
				D196603A2592AC45007F4C42 /* EventsApp-MVVM.app */,
				D19660502592AC46007F4C42 /* EventsApp-MVVMTests.xctest */,
				D196605B2592AC46007F4C42 /* EventsApp-MVVMUITests.xctest */,
			);
			name = Products;
			sourceTree = "<group>";
		};
		D196603C2592AC45007F4C42 /* EventsApp-MVVM */ = {
			isa = PBXGroup;
			children = (
				D17ADCE3259929C800D93C68 /* Views */,
				D196608D259533DA007F4C42 /* Coordinators */,
				D19660982595342E007F4C42 /* Controllers */,
				D17ADCD42597D1E700D93C68 /* ViewModels */,
				D196609425953422007F4C42 /* Extension */,
				D196603D2592AC45007F4C42 /* AppDelegate.swift */,
				D196603F2592AC45007F4C42 /* SceneDelegate.swift */,
				D19660432592AC45007F4C42 /* Main.storyboard */,
				D19660462592AC46007F4C42 /* Assets.xcassets */,
				D19660482592AC46007F4C42 /* LaunchScreen.storyboard */,
				D196604B2592AC46007F4C42 /* Info.plist */,
				D196609F2595351C007F4C42 /* EventsApp.xcdatamodeld */,
				D18172E125953FD800641B22 /* CoreDataManager.swift */,
				D17ADCF7259A7E5000D93C68 /* EventsCellBuilder.swift */,
			);
			path = "EventsApp-MVVM";
			sourceTree = "<group>";
		};
		D19660532592AC46007F4C42 /* EventsApp-MVVMTests */ = {
			isa = PBXGroup;
			children = (
				D19660542592AC46007F4C42 /* EventsApp_MVVMTests.swift */,
				D19660562592AC46007F4C42 /* Info.plist */,
			);
			path = "EventsApp-MVVMTests";
			sourceTree = "<group>";
		};
		D196605E2592AC46007F4C42 /* EventsApp-MVVMUITests */ = {
			isa = PBXGroup;
			children = (
				D196605F2592AC46007F4C42 /* EventsApp_MVVMUITests.swift */,
				D19660612592AC46007F4C42 /* Info.plist */,
			);
			path = "EventsApp-MVVMUITests";
			sourceTree = "<group>";
		};
		D196608D259533DA007F4C42 /* Coordinators */ = {
			isa = PBXGroup;
			children = (
				D19660702592AD3E007F4C42 /* AppCoordinator.swift */,
				D196607B2592B04C007F4C42 /* EventListCoordinator.swift */,
				D17ADCCA2597C90F00D93C68 /* AddEventCoordinator.swift */,
				D17ADCEF259A600900D93C68 /* ImagePickerCoordinator.swift */,
				D18C1AE925A0CD5700DD97C6 /* EventDetailCoordinator.swift */,
			);
			path = Coordinators;
			sourceTree = "<group>";
		};
		D196609425953422007F4C42 /* Extension */ = {
			isa = PBXGroup;
			children = (
				D19660882592B58E007F4C42 /* Extension.swift */,
			);
			path = Extension;
			sourceTree = "<group>";
		};
		D19660982595342E007F4C42 /* Controllers */ = {
			isa = PBXGroup;
			children = (
				D19660832592B111007F4C42 /* EventListViewController.swift */,
				D17ADCCF2597D1B000D93C68 /* AddEventViewController.swift */,
				D18C1AEE25A0CEFE00DD97C6 /* EventDetailViewController.swift */,
			);
			path = Controllers;
			sourceTree = "<group>";
		};
/* End PBXGroup section */

/* Begin PBXNativeTarget section */
		D19660392592AC45007F4C42 /* EventsApp-MVVM */ = {
			isa = PBXNativeTarget;
			buildConfigurationList = D19660642592AC46007F4C42 /* Build configuration list for PBXNativeTarget "EventsApp-MVVM" */;
			buildPhases = (
				D19660362592AC45007F4C42 /* Sources */,
				D19660372592AC45007F4C42 /* Frameworks */,
				D19660382592AC45007F4C42 /* Resources */,
			);
			buildRules = (
			);
			dependencies = (
			);
			name = "EventsApp-MVVM";
			productName = "EventsApp-MVVM";
			productReference = D196603A2592AC45007F4C42 /* EventsApp-MVVM.app */;
			productType = "com.apple.product-type.application";
		};
		D196604F2592AC46007F4C42 /* EventsApp-MVVMTests */ = {
			isa = PBXNativeTarget;
			buildConfigurationList = D19660672592AC46007F4C42 /* Build configuration list for PBXNativeTarget "EventsApp-MVVMTests" */;
			buildPhases = (
				D196604C2592AC46007F4C42 /* Sources */,
				D196604D2592AC46007F4C42 /* Frameworks */,
				D196604E2592AC46007F4C42 /* Resources */,
			);
			buildRules = (
			);
			dependencies = (
				D19660522592AC46007F4C42 /* PBXTargetDependency */,
			);
			name = "EventsApp-MVVMTests";
			productName = "EventsApp-MVVMTests";
			productReference = D19660502592AC46007F4C42 /* EventsApp-MVVMTests.xctest */;
			productType = "com.apple.product-type.bundle.unit-test";
		};
		D196605A2592AC46007F4C42 /* EventsApp-MVVMUITests */ = {
			isa = PBXNativeTarget;
			buildConfigurationList = D196606A2592AC46007F4C42 /* Build configuration list for PBXNativeTarget "EventsApp-MVVMUITests" */;
			buildPhases = (
				D19660572592AC46007F4C42 /* Sources */,
				D19660582592AC46007F4C42 /* Frameworks */,
				D19660592592AC46007F4C42 /* Resources */,
			);
			buildRules = (
			);
			dependencies = (
				D196605D2592AC46007F4C42 /* PBXTargetDependency */,
			);
			name = "EventsApp-MVVMUITests";
			productName = "EventsApp-MVVMUITests";
			productReference = D196605B2592AC46007F4C42 /* EventsApp-MVVMUITests.xctest */;
			productType = "com.apple.product-type.bundle.ui-testing";
		};
/* End PBXNativeTarget section */

/* Begin PBXProject section */
		D19660322592AC45007F4C42 /* Project object */ = {
			isa = PBXProject;
			attributes = {
				LastSwiftUpdateCheck = 1230;
				LastUpgradeCheck = 1230;
				TargetAttributes = {
					D19660392592AC45007F4C42 = {
						CreatedOnToolsVersion = 12.3;
					};
					D196604F2592AC46007F4C42 = {
						CreatedOnToolsVersion = 12.3;
						TestTargetID = D19660392592AC45007F4C42;
					};
					D196605A2592AC46007F4C42 = {
						CreatedOnToolsVersion = 12.3;
						TestTargetID = D19660392592AC45007F4C42;
					};
				};
			};
			buildConfigurationList = D19660352592AC45007F4C42 /* Build configuration list for PBXProject "EventsApp-MVVM" */;
			compatibilityVersion = "Xcode 9.3";
			developmentRegion = en;
			hasScannedForEncodings = 0;
			knownRegions = (
				en,
				Base,
			);
			mainGroup = D19660312592AC45007F4C42;
			productRefGroup = D196603B2592AC45007F4C42 /* Products */;
			projectDirPath = "";
			projectRoot = "";
			targets = (
				D19660392592AC45007F4C42 /* EventsApp-MVVM */,
				D196604F2592AC46007F4C42 /* EventsApp-MVVMTests */,
				D196605A2592AC46007F4C42 /* EventsApp-MVVMUITests */,
			);
		};
/* End PBXProject section */

/* Begin PBXResourcesBuildPhase section */
		D19660382592AC45007F4C42 /* Resources */ = {
			isa = PBXResourcesBuildPhase;
			buildActionMask = 2147483647;
			files = (
				D196604A2592AC46007F4C42 /* LaunchScreen.storyboard in Resources */,
				D19660472592AC46007F4C42 /* Assets.xcassets in Resources */,
				D19660452592AC45007F4C42 /* Main.storyboard in Resources */,
			);
			runOnlyForDeploymentPostprocessing = 0;
		};
		D196604E2592AC46007F4C42 /* Resources */ = {
			isa = PBXResourcesBuildPhase;
			buildActionMask = 2147483647;
			files = (
			);
			runOnlyForDeploymentPostprocessing = 0;
		};
		D19660592592AC46007F4C42 /* Resources */ = {
			isa = PBXResourcesBuildPhase;
			buildActionMask = 2147483647;
			files = (
			);
			runOnlyForDeploymentPostprocessing = 0;
		};
/* End PBXResourcesBuildPhase section */

/* Begin PBXSourcesBuildPhase section */
		D19660362592AC45007F4C42 /* Sources */ = {
			isa = PBXSourcesBuildPhase;
			buildActionMask = 2147483647;
			files = (
				D17ADCEA25992A1000D93C68 /* TitleSubtitleCellViewModel.swift in Sources */,
				D18C1AF925A0FCC600DD97C6 /* TimeRemainingStackView.swift in Sources */,
				D18C1AE0259B60AC00DD97C6 /* EventCellViewModel.swift in Sources */,
				D17ADCE5259929F800D93C68 /* TitleSubtitleCell.swift in Sources */,
				D19660712592AD3E007F4C42 /* AppCoordinator.swift in Sources */,
				D19660842592B111007F4C42 /* EventListViewController.swift in Sources */,
				D19660892592B58E007F4C42 /* Extension.swift in Sources */,
				D18C1AEF25A0CEFE00DD97C6 /* EventDetailViewController.swift in Sources */,
				D18C1AEA25A0CD5700DD97C6 /* EventDetailCoordinator.swift in Sources */,
				D19660A12595351D007F4C42 /* EventsApp.xcdatamodeld in Sources */,
				D17ADCF0259A600900D93C68 /* ImagePickerCoordinator.swift in Sources */,
				D196607C2592B04C007F4C42 /* EventListCoordinator.swift in Sources */,
				D18C1AF425A0E06400DD97C6 /* EventDetailViewModel.swift in Sources */,
				D17ADCDC2597E72C00D93C68 /* AddEventViewModel.swift in Sources */,
				D18C1AE5259B632600DD97C6 /* EventCell.swift in Sources */,
				D17ADCCB2597C90F00D93C68 /* AddEventCoordinator.swift in Sources */,
				D196603E2592AC45007F4C42 /* AppDelegate.swift in Sources */,
				D18C1AFE25A116D000DD97C6 /* TimeRemainingViewModel.swift in Sources */,
				D17ADCD02597D1B000D93C68 /* AddEventViewController.swift in Sources */,
				D17ADCC62597C6AB00D93C68 /* EventListViewModel.swift in Sources */,
				D18172E225953FD800641B22 /* CoreDataManager.swift in Sources */,
				D17ADCF8259A7E5000D93C68 /* EventsCellBuilder.swift in Sources */,
				D19660402592AC45007F4C42 /* SceneDelegate.swift in Sources */,
			);
			runOnlyForDeploymentPostprocessing = 0;
		};
		D196604C2592AC46007F4C42 /* Sources */ = {
			isa = PBXSourcesBuildPhase;
			buildActionMask = 2147483647;
			files = (
				D19660552592AC46007F4C42 /* EventsApp_MVVMTests.swift in Sources */,
			);
			runOnlyForDeploymentPostprocessing = 0;
		};
		D19660572592AC46007F4C42 /* Sources */ = {
			isa = PBXSourcesBuildPhase;
			buildActionMask = 2147483647;
			files = (
				D19660602592AC46007F4C42 /* EventsApp_MVVMUITests.swift in Sources */,
			);
			runOnlyForDeploymentPostprocessing = 0;
		};
/* End PBXSourcesBuildPhase section */

/* Begin PBXTargetDependency section */
		D19660522592AC46007F4C42 /* PBXTargetDependency */ = {
			isa = PBXTargetDependency;
			target = D19660392592AC45007F4C42 /* EventsApp-MVVM */;
			targetProxy = D19660512592AC46007F4C42 /* PBXContainerItemProxy */;
		};
		D196605D2592AC46007F4C42 /* PBXTargetDependency */ = {
			isa = PBXTargetDependency;
			target = D19660392592AC45007F4C42 /* EventsApp-MVVM */;
			targetProxy = D196605C2592AC46007F4C42 /* PBXContainerItemProxy */;
		};
/* End PBXTargetDependency section */

/* Begin PBXVariantGroup section */
		D19660432592AC45007F4C42 /* Main.storyboard */ = {
			isa = PBXVariantGroup;
			children = (
				D19660442592AC45007F4C42 /* Base */,
			);
			name = Main.storyboard;
			sourceTree = "<group>";
		};
		D19660482592AC46007F4C42 /* LaunchScreen.storyboard */ = {
			isa = PBXVariantGroup;
			children = (
				D19660492592AC46007F4C42 /* Base */,
			);
			name = LaunchScreen.storyboard;
			sourceTree = "<group>";
		};
/* End PBXVariantGroup section */

/* Begin XCBuildConfiguration section */
		D19660622592AC46007F4C42 /* Debug */ = {
			isa = XCBuildConfiguration;
			buildSettings = {
				ALWAYS_SEARCH_USER_PATHS = NO;
				CLANG_ANALYZER_NONNULL = YES;
				CLANG_ANALYZER_NUMBER_OBJECT_CONVERSION = YES_AGGRESSIVE;
				CLANG_CXX_LANGUAGE_STANDARD = "gnu++14";
				CLANG_CXX_LIBRARY = "libc++";
				CLANG_ENABLE_MODULES = YES;
				CLANG_ENABLE_OBJC_ARC = YES;
				CLANG_ENABLE_OBJC_WEAK = YES;
				CLANG_WARN_BLOCK_CAPTURE_AUTORELEASING = YES;
				CLANG_WARN_BOOL_CONVERSION = YES;
				CLANG_WARN_COMMA = YES;
				CLANG_WARN_CONSTANT_CONVERSION = YES;
				CLANG_WARN_DEPRECATED_OBJC_IMPLEMENTATIONS = YES;
				CLANG_WARN_DIRECT_OBJC_ISA_USAGE = YES_ERROR;
				CLANG_WARN_DOCUMENTATION_COMMENTS = YES;
				CLANG_WARN_EMPTY_BODY = YES;
				CLANG_WARN_ENUM_CONVERSION = YES;
				CLANG_WARN_INFINITE_RECURSION = YES;
				CLANG_WARN_INT_CONVERSION = YES;
				CLANG_WARN_NON_LITERAL_NULL_CONVERSION = YES;
				CLANG_WARN_OBJC_IMPLICIT_RETAIN_SELF = YES;
				CLANG_WARN_OBJC_LITERAL_CONVERSION = YES;
				CLANG_WARN_OBJC_ROOT_CLASS = YES_ERROR;
				CLANG_WARN_QUOTED_INCLUDE_IN_FRAMEWORK_HEADER = YES;
				CLANG_WARN_RANGE_LOOP_ANALYSIS = YES;
				CLANG_WARN_STRICT_PROTOTYPES = YES;
				CLANG_WARN_SUSPICIOUS_MOVE = YES;
				CLANG_WARN_UNGUARDED_AVAILABILITY = YES_AGGRESSIVE;
				CLANG_WARN_UNREACHABLE_CODE = YES;
				CLANG_WARN__DUPLICATE_METHOD_MATCH = YES;
				COPY_PHASE_STRIP = NO;
				DEBUG_INFORMATION_FORMAT = dwarf;
				ENABLE_STRICT_OBJC_MSGSEND = YES;
				ENABLE_TESTABILITY = YES;
				GCC_C_LANGUAGE_STANDARD = gnu11;
				GCC_DYNAMIC_NO_PIC = NO;
				GCC_NO_COMMON_BLOCKS = YES;
				GCC_OPTIMIZATION_LEVEL = 0;
				GCC_PREPROCESSOR_DEFINITIONS = (
					"DEBUG=1",
					"$(inherited)",
				);
				GCC_WARN_64_TO_32_BIT_CONVERSION = YES;
				GCC_WARN_ABOUT_RETURN_TYPE = YES_ERROR;
				GCC_WARN_UNDECLARED_SELECTOR = YES;
				GCC_WARN_UNINITIALIZED_AUTOS = YES_AGGRESSIVE;
				GCC_WARN_UNUSED_FUNCTION = YES;
				GCC_WARN_UNUSED_VARIABLE = YES;
				IPHONEOS_DEPLOYMENT_TARGET = 14.3;
				MTL_ENABLE_DEBUG_INFO = INCLUDE_SOURCE;
				MTL_FAST_MATH = YES;
				ONLY_ACTIVE_ARCH = YES;
				SDKROOT = iphoneos;
				SWIFT_ACTIVE_COMPILATION_CONDITIONS = DEBUG;
				SWIFT_OPTIMIZATION_LEVEL = "-Onone";
			};
			name = Debug;
		};
		D19660632592AC46007F4C42 /* Release */ = {
			isa = XCBuildConfiguration;
			buildSettings = {
				ALWAYS_SEARCH_USER_PATHS = NO;
				CLANG_ANALYZER_NONNULL = YES;
				CLANG_ANALYZER_NUMBER_OBJECT_CONVERSION = YES_AGGRESSIVE;
				CLANG_CXX_LANGUAGE_STANDARD = "gnu++14";
				CLANG_CXX_LIBRARY = "libc++";
				CLANG_ENABLE_MODULES = YES;
				CLANG_ENABLE_OBJC_ARC = YES;
				CLANG_ENABLE_OBJC_WEAK = YES;
				CLANG_WARN_BLOCK_CAPTURE_AUTORELEASING = YES;
				CLANG_WARN_BOOL_CONVERSION = YES;
				CLANG_WARN_COMMA = YES;
				CLANG_WARN_CONSTANT_CONVERSION = YES;
				CLANG_WARN_DEPRECATED_OBJC_IMPLEMENTATIONS = YES;
				CLANG_WARN_DIRECT_OBJC_ISA_USAGE = YES_ERROR;
				CLANG_WARN_DOCUMENTATION_COMMENTS = YES;
				CLANG_WARN_EMPTY_BODY = YES;
				CLANG_WARN_ENUM_CONVERSION = YES;
				CLANG_WARN_INFINITE_RECURSION = YES;
				CLANG_WARN_INT_CONVERSION = YES;
				CLANG_WARN_NON_LITERAL_NULL_CONVERSION = YES;
				CLANG_WARN_OBJC_IMPLICIT_RETAIN_SELF = YES;
				CLANG_WARN_OBJC_LITERAL_CONVERSION = YES;
				CLANG_WARN_OBJC_ROOT_CLASS = YES_ERROR;
				CLANG_WARN_QUOTED_INCLUDE_IN_FRAMEWORK_HEADER = YES;
				CLANG_WARN_RANGE_LOOP_ANALYSIS = YES;
				CLANG_WARN_STRICT_PROTOTYPES = YES;
				CLANG_WARN_SUSPICIOUS_MOVE = YES;
				CLANG_WARN_UNGUARDED_AVAILABILITY = YES_AGGRESSIVE;
				CLANG_WARN_UNREACHABLE_CODE = YES;
				CLANG_WARN__DUPLICATE_METHOD_MATCH = YES;
				COPY_PHASE_STRIP = NO;
				DEBUG_INFORMATION_FORMAT = "dwarf-with-dsym";
				ENABLE_NS_ASSERTIONS = NO;
				ENABLE_STRICT_OBJC_MSGSEND = YES;
				GCC_C_LANGUAGE_STANDARD = gnu11;
				GCC_NO_COMMON_BLOCKS = YES;
				GCC_WARN_64_TO_32_BIT_CONVERSION = YES;
				GCC_WARN_ABOUT_RETURN_TYPE = YES_ERROR;
				GCC_WARN_UNDECLARED_SELECTOR = YES;
				GCC_WARN_UNINITIALIZED_AUTOS = YES_AGGRESSIVE;
				GCC_WARN_UNUSED_FUNCTION = YES;
				GCC_WARN_UNUSED_VARIABLE = YES;
				IPHONEOS_DEPLOYMENT_TARGET = 14.3;
				MTL_ENABLE_DEBUG_INFO = NO;
				MTL_FAST_MATH = YES;
				SDKROOT = iphoneos;
				SWIFT_COMPILATION_MODE = wholemodule;
				SWIFT_OPTIMIZATION_LEVEL = "-O";
				VALIDATE_PRODUCT = YES;
			};
			name = Release;
		};
		D19660652592AC46007F4C42 /* Debug */ = {
			isa = XCBuildConfiguration;
			buildSettings = {
				ASSETCATALOG_COMPILER_APPICON_NAME = AppIcon;
				ASSETCATALOG_COMPILER_GLOBAL_ACCENT_COLOR_NAME = AccentColor;
				CODE_SIGN_STYLE = Automatic;
				DEVELOPMENT_TEAM = Z56UVR5Q3Z;
				INFOPLIST_FILE = "EventsApp-MVVM/Info.plist";
				LD_RUNPATH_SEARCH_PATHS = (
					"$(inherited)",
					"@executable_path/Frameworks",
				);
				PRODUCT_BUNDLE_IDENTIFIER = "com.justynakowalkowska.EventsApp-MVVM";
				PRODUCT_NAME = "$(TARGET_NAME)";
				SWIFT_VERSION = 5.0;
				TARGETED_DEVICE_FAMILY = "1,2";
			};
			name = Debug;
		};
		D19660662592AC46007F4C42 /* Release */ = {
			isa = XCBuildConfiguration;
			buildSettings = {
				ASSETCATALOG_COMPILER_APPICON_NAME = AppIcon;
				ASSETCATALOG_COMPILER_GLOBAL_ACCENT_COLOR_NAME = AccentColor;
				CODE_SIGN_STYLE = Automatic;
				DEVELOPMENT_TEAM = Z56UVR5Q3Z;
				INFOPLIST_FILE = "EventsApp-MVVM/Info.plist";
				LD_RUNPATH_SEARCH_PATHS = (
					"$(inherited)",
					"@executable_path/Frameworks",
				);
				PRODUCT_BUNDLE_IDENTIFIER = "com.justynakowalkowska.EventsApp-MVVM";
				PRODUCT_NAME = "$(TARGET_NAME)";
				SWIFT_VERSION = 5.0;
				TARGETED_DEVICE_FAMILY = "1,2";
			};
			name = Release;
		};
		D19660682592AC46007F4C42 /* Debug */ = {
			isa = XCBuildConfiguration;
			buildSettings = {
				ALWAYS_EMBED_SWIFT_STANDARD_LIBRARIES = YES;
				BUNDLE_LOADER = "$(TEST_HOST)";
				CODE_SIGN_STYLE = Automatic;
				DEVELOPMENT_TEAM = Z56UVR5Q3Z;
				INFOPLIST_FILE = "EventsApp-MVVMTests/Info.plist";
				IPHONEOS_DEPLOYMENT_TARGET = 14.3;
				LD_RUNPATH_SEARCH_PATHS = (
					"$(inherited)",
					"@executable_path/Frameworks",
					"@loader_path/Frameworks",
				);
				PRODUCT_BUNDLE_IDENTIFIER = "com.justynakowalkowska.EventsApp-MVVMTests";
				PRODUCT_NAME = "$(TARGET_NAME)";
				SWIFT_VERSION = 5.0;
				TARGETED_DEVICE_FAMILY = "1,2";
				TEST_HOST = "$(BUILT_PRODUCTS_DIR)/EventsApp-MVVM.app/EventsApp-MVVM";
			};
			name = Debug;
		};
		D19660692592AC46007F4C42 /* Release */ = {
			isa = XCBuildConfiguration;
			buildSettings = {
				ALWAYS_EMBED_SWIFT_STANDARD_LIBRARIES = YES;
				BUNDLE_LOADER = "$(TEST_HOST)";
				CODE_SIGN_STYLE = Automatic;
				DEVELOPMENT_TEAM = Z56UVR5Q3Z;
				INFOPLIST_FILE = "EventsApp-MVVMTests/Info.plist";
				IPHONEOS_DEPLOYMENT_TARGET = 14.3;
				LD_RUNPATH_SEARCH_PATHS = (
					"$(inherited)",
					"@executable_path/Frameworks",
					"@loader_path/Frameworks",
				);
				PRODUCT_BUNDLE_IDENTIFIER = "com.justynakowalkowska.EventsApp-MVVMTests";
				PRODUCT_NAME = "$(TARGET_NAME)";
				SWIFT_VERSION = 5.0;
				TARGETED_DEVICE_FAMILY = "1,2";
				TEST_HOST = "$(BUILT_PRODUCTS_DIR)/EventsApp-MVVM.app/EventsApp-MVVM";
			};
			name = Release;
		};
		D196606B2592AC46007F4C42 /* Debug */ = {
			isa = XCBuildConfiguration;
			buildSettings = {
				ALWAYS_EMBED_SWIFT_STANDARD_LIBRARIES = YES;
				CODE_SIGN_STYLE = Automatic;
				DEVELOPMENT_TEAM = Z56UVR5Q3Z;
				INFOPLIST_FILE = "EventsApp-MVVMUITests/Info.plist";
				LD_RUNPATH_SEARCH_PATHS = (
					"$(inherited)",
					"@executable_path/Frameworks",
					"@loader_path/Frameworks",
				);
				PRODUCT_BUNDLE_IDENTIFIER = "com.justynakowalkowska.EventsApp-MVVMUITests";
				PRODUCT_NAME = "$(TARGET_NAME)";
				SWIFT_VERSION = 5.0;
				TARGETED_DEVICE_FAMILY = "1,2";
				TEST_TARGET_NAME = "EventsApp-MVVM";
			};
			name = Debug;
		};
		D196606C2592AC46007F4C42 /* Release */ = {
			isa = XCBuildConfiguration;
			buildSettings = {
				ALWAYS_EMBED_SWIFT_STANDARD_LIBRARIES = YES;
				CODE_SIGN_STYLE = Automatic;
				DEVELOPMENT_TEAM = Z56UVR5Q3Z;
				INFOPLIST_FILE = "EventsApp-MVVMUITests/Info.plist";
				LD_RUNPATH_SEARCH_PATHS = (
					"$(inherited)",
					"@executable_path/Frameworks",
					"@loader_path/Frameworks",
				);
				PRODUCT_BUNDLE_IDENTIFIER = "com.justynakowalkowska.EventsApp-MVVMUITests";
				PRODUCT_NAME = "$(TARGET_NAME)";
				SWIFT_VERSION = 5.0;
				TARGETED_DEVICE_FAMILY = "1,2";
				TEST_TARGET_NAME = "EventsApp-MVVM";
			};
			name = Release;
		};
/* End XCBuildConfiguration section */

/* Begin XCConfigurationList section */
		D19660352592AC45007F4C42 /* Build configuration list for PBXProject "EventsApp-MVVM" */ = {
			isa = XCConfigurationList;
			buildConfigurations = (
				D19660622592AC46007F4C42 /* Debug */,
				D19660632592AC46007F4C42 /* Release */,
			);
			defaultConfigurationIsVisible = 0;
			defaultConfigurationName = Release;
		};
		D19660642592AC46007F4C42 /* Build configuration list for PBXNativeTarget "EventsApp-MVVM" */ = {
			isa = XCConfigurationList;
			buildConfigurations = (
				D19660652592AC46007F4C42 /* Debug */,
				D19660662592AC46007F4C42 /* Release */,
			);
			defaultConfigurationIsVisible = 0;
			defaultConfigurationName = Release;
		};
		D19660672592AC46007F4C42 /* Build configuration list for PBXNativeTarget "EventsApp-MVVMTests" */ = {
			isa = XCConfigurationList;
			buildConfigurations = (
				D19660682592AC46007F4C42 /* Debug */,
				D19660692592AC46007F4C42 /* Release */,
			);
			defaultConfigurationIsVisible = 0;
			defaultConfigurationName = Release;
		};
		D196606A2592AC46007F4C42 /* Build configuration list for PBXNativeTarget "EventsApp-MVVMUITests" */ = {
			isa = XCConfigurationList;
			buildConfigurations = (
				D196606B2592AC46007F4C42 /* Debug */,
				D196606C2592AC46007F4C42 /* Release */,
			);
			defaultConfigurationIsVisible = 0;
			defaultConfigurationName = Release;
		};
/* End XCConfigurationList section */

/* Begin XCVersionGroup section */
		D196609F2595351C007F4C42 /* EventsApp.xcdatamodeld */ = {
			isa = XCVersionGroup;
			children = (
				D19660A02595351C007F4C42 /* EventsApp.xcdatamodel */,
			);
			currentVersion = D19660A02595351C007F4C42 /* EventsApp.xcdatamodel */;
			path = EventsApp.xcdatamodeld;
			sourceTree = "<group>";
			versionGroupType = wrapper.xcdatamodel;
		};
/* End XCVersionGroup section */
	};
	rootObject = D19660322592AC45007F4C42 /* Project object */;
}
